
Microsoft Visual Studio Solution File, Format Version 12.00
# Visual Studio Version 17
VisualStudioVersion = 17.6.33815.320
MinimumVisualStudioVersion = 10.0.40219.1
Project("{FAE04EC0-301F-11D3-BF4B-00C04F79EFBC}") = "Portfolio", "Portfolio\Portfolio.csproj", "{946B2CDB-114D-4073-8564-42E811F9CE9D}"
EndProject
Project("{2150E333-8FDC-42A3-9474-1A3956D46DE8}") = "Solution Items", "Solution Items", "{5922DD67-343B-4FEA-A4C1-5F0C9E702D7E}"
	ProjectSection(SolutionItems) = preProject
		justfile = justfile
	EndProjectSection
EndProject
Global
	GlobalSection(SolutionConfigurationPlatforms) = preSolution
		Debug|Any CPU = Debug|Any CPU
		Release|Any CPU = Release|Any CPU
	EndGlobalSection
	GlobalSection(ProjectConfigurationPlatforms) = postSolution
		{946B2CDB-114D-4073-8564-42E811F9CE9D}.Debug|Any CPU.ActiveCfg = Debug|Any CPU
		{946B2CDB-114D-4073-8564-42E811F9CE9D}.Debug|Any CPU.Build.0 = Debug|Any CPU
		{946B2CDB-114D-4073-8564-42E811F9CE9D}.Release|Any CPU.ActiveCfg = Release|Any CPU
		{946B2CDB-114D-4073-8564-42E811F9CE9D}.Release|Any CPU.Build.0 = Release|Any CPU
	EndGlobalSection
	GlobalSection(SolutionProperties) = preSolution
		HideSolutionNode = FALSE
	EndGlobalSection
	GlobalSection(ExtensibilityGlobals) = postSolution
		SolutionGuid = {964FA796-93B7-4D2A-9F5F-581CA6AC5CB9}
	EndGlobalSection
EndGlobal
